
Microsoft Visual Studio Solution File, Format Version 12.00
# Visual Studio 15
VisualStudioVersion = 15.0.28010.2016
MinimumVisualStudioVersion = 10.0.40219.1
Project("{9A19103F-16F7-4668-BE54-9A1E7A4F7556}") = "RazorSample.Web", "RazorSample.Web\RazorSample.Web.csproj", "{7113B304-7734-4641-A04B-9C28214897AA}"
EndProject
Project("{9A19103F-16F7-4668-BE54-9A1E7A4F7556}") = "RazorSample.Data", "RazorSample.Data\RazorSample.Data.csproj", "{8F87F67B-5034-4299-9F9D-87F72A85C37E}"
EndProject
Project("{9A19103F-16F7-4668-BE54-9A1E7A4F7556}") = "RazorSample.Vm", "RazorSample.Vm\RazorSample.Vm.csproj", "{E0BFA495-02AC-4F32-B2D2-FF48FD422FB6}"
EndProject
Project("{FAE04EC0-301F-11D3-BF4B-00C04F79EFBC}") = "RazorSample.Hr", "RazorSample.Hr\RazorSample.Hr.csproj", "{B7CAFCB1-F7E7-4E84-90E7-A3F28A77BEE5}"
EndProject
Global
	GlobalSection(SolutionConfigurationPlatforms) = preSolution
		Debug|Any CPU = Debug|Any CPU
		Release|Any CPU = Release|Any CPU
	EndGlobalSection
	GlobalSection(ProjectConfigurationPlatforms) = postSolution
		{7113B304-7734-4641-A04B-9C28214897AA}.Debug|Any CPU.ActiveCfg = Debug|Any CPU
		{7113B304-7734-4641-A04B-9C28214897AA}.Debug|Any CPU.Build.0 = Debug|Any CPU
		{7113B304-7734-4641-A04B-9C28214897AA}.Release|Any CPU.ActiveCfg = Release|Any CPU
		{7113B304-7734-4641-A04B-9C28214897AA}.Release|Any CPU.Build.0 = Release|Any CPU
		{8F87F67B-5034-4299-9F9D-87F72A85C37E}.Debug|Any CPU.ActiveCfg = Debug|Any CPU
		{8F87F67B-5034-4299-9F9D-87F72A85C37E}.Debug|Any CPU.Build.0 = Debug|Any CPU
		{8F87F67B-5034-4299-9F9D-87F72A85C37E}.Release|Any CPU.ActiveCfg = Release|Any CPU
		{8F87F67B-5034-4299-9F9D-87F72A85C37E}.Release|Any CPU.Build.0 = Release|Any CPU
		{E0BFA495-02AC-4F32-B2D2-FF48FD422FB6}.Debug|Any CPU.ActiveCfg = Debug|Any CPU
		{E0BFA495-02AC-4F32-B2D2-FF48FD422FB6}.Debug|Any CPU.Build.0 = Debug|Any CPU
		{E0BFA495-02AC-4F32-B2D2-FF48FD422FB6}.Release|Any CPU.ActiveCfg = Release|Any CPU
		{E0BFA495-02AC-4F32-B2D2-FF48FD422FB6}.Release|Any CPU.Build.0 = Release|Any CPU
		{B7CAFCB1-F7E7-4E84-90E7-A3F28A77BEE5}.Debug|Any CPU.ActiveCfg = Debug|Any CPU
		{B7CAFCB1-F7E7-4E84-90E7-A3F28A77BEE5}.Debug|Any CPU.Build.0 = Debug|Any CPU
		{B7CAFCB1-F7E7-4E84-90E7-A3F28A77BEE5}.Release|Any CPU.ActiveCfg = Release|Any CPU
		{B7CAFCB1-F7E7-4E84-90E7-A3F28A77BEE5}.Release|Any CPU.Build.0 = Release|Any CPU
	EndGlobalSection
	GlobalSection(SolutionProperties) = preSolution
		HideSolutionNode = FALSE
	EndGlobalSection
	GlobalSection(ExtensibilityGlobals) = postSolution
		SolutionGuid = {6D394533-A1B3-40A9-9469-5038A7DDA43F}
	EndGlobalSection
EndGlobal
